// !$*UTF8*$!
{
	archiveVersion = 1;
	classes = {
	};
	objectVersion = 46;
	objects = {

/* Begin PBXBuildFile section */
		84A12FE11ABD7905003306B2 /* main.m in Sources */ = {isa = PBXBuildFile; fileRef = 84A12FE01ABD7905003306B2 /* main.m */; };
		84A12FE41ABD7905003306B2 /* AppDelegate.m in Sources */ = {isa = PBXBuildFile; fileRef = 84A12FE31ABD7905003306B2 /* AppDelegate.m */; };
		84A12FE71ABD7905003306B2 /* ViewController.m in Sources */ = {isa = PBXBuildFile; fileRef = 84A12FE61ABD7905003306B2 /* ViewController.m */; };
		84A12FEA1ABD7905003306B2 /* Main.storyboard in Resources */ = {isa = PBXBuildFile; fileRef = 84A12FE81ABD7905003306B2 /* Main.storyboard */; };
		84A12FEC1ABD7905003306B2 /* Images.xcassets in Resources */ = {isa = PBXBuildFile; fileRef = 84A12FEB1ABD7905003306B2 /* Images.xcassets */; };
		84A12FEF1ABD7905003306B2 /* LaunchScreen.xib in Resources */ = {isa = PBXBuildFile; fileRef = 84A12FED1ABD7905003306B2 /* LaunchScreen.xib */; };
		84A12FFB1ABD7905003306B2 /* TestMapKitTests.m in Sources */ = {isa = PBXBuildFile; fileRef = 84A12FFA1ABD7905003306B2 /* TestMapKitTests.m */; };
/* End PBXBuildFile section */

/* Begin PBXContainerItemProxy section */
		84A12FF51ABD7905003306B2 /* PBXContainerItemProxy */ = {
			isa = PBXContainerItemProxy;
			containerPortal = 84A12FD31ABD7905003306B2 /* Project object */;
			proxyType = 1;
			remoteGlobalIDString = 84A12FDA1ABD7905003306B2;
			remoteInfo = TestMapKit;
		};
/* End PBXContainerItemProxy section */

/* Begin PBXFileReference section */
		84A12FDB1ABD7905003306B2 /* TestMapKit.app */ = {isa = PBXFileReference; explicitFileType = wrapper.application; includeInIndex = 0; path = TestMapKit.app; sourceTree = BUILT_PRODUCTS_DIR; };
		84A12FDF1ABD7905003306B2 /* Info.plist */ = {isa = PBXFileReference; lastKnownFileType = text.plist.xml; path = Info.plist; sourceTree = "<group>"; };
		84A12FE01ABD7905003306B2 /* main.m */ = {isa = PBXFileReference; lastKnownFileType = sourcecode.c.objc; path = main.m; sourceTree = "<group>"; };
		84A12FE21ABD7905003306B2 /* AppDelegate.h */ = {isa = PBXFileReference; lastKnownFileType = sourcecode.c.h; path = AppDelegate.h; sourceTree = "<group>"; };
		84A12FE31ABD7905003306B2 /* AppDelegate.m */ = {isa = PBXFileReference; lastKnownFileType = sourcecode.c.objc; path = AppDelegate.m; sourceTree = "<group>"; };
		84A12FE51ABD7905003306B2 /* ViewController.h */ = {isa = PBXFileReference; lastKnownFileType = sourcecode.c.h; path = ViewController.h; sourceTree = "<group>"; };
		84A12FE61ABD7905003306B2 /* ViewController.m */ = {isa = PBXFileReference; lastKnownFileType = sourcecode.c.objc; path = ViewController.m; sourceTree = "<group>"; };
		84A12FE91ABD7905003306B2 /* Base */ = {isa = PBXFileReference; lastKnownFileType = file.storyboard; name = Base; path = Base.lproj/Main.storyboard; sourceTree = "<group>"; };
		84A12FEB1ABD7905003306B2 /* Images.xcassets */ = {isa = PBXFileReference; lastKnownFileType = folder.assetcatalog; path = Images.xcassets; sourceTree = "<group>"; };
		84A12FEE1ABD7905003306B2 /* Base */ = {isa = PBXFileReference; lastKnownFileType = file.xib; name = Base; path = Base.lproj/LaunchScreen.xib; sourceTree = "<group>"; };
		84A12FF41ABD7905003306B2 /* TestMapKitTests.xctest */ = {isa = PBXFileReference; explicitFileType = wrapper.cfbundle; includeInIndex = 0; path = TestMapKitTests.xctest; sourceTree = BUILT_PRODUCTS_DIR; };
		84A12FF91ABD7905003306B2 /* Info.plist */ = {isa = PBXFileReference; lastKnownFileType = text.plist.xml; path = Info.plist; sourceTree = "<group>"; };
		84A12FFA1ABD7905003306B2 /* TestMapKitTests.m */ = {isa = PBXFileReference; lastKnownFileType = sourcecode.c.objc; path = TestMapKitTests.m; sourceTree = "<group>"; };
/* End PBXFileReference section */

/* Begin PBXFrameworksBuildPhase section */
		84A12FD81ABD7905003306B2 /* Frameworks */ = {
			isa = PBXFrameworksBuildPhase;
			buildActionMask = 2147483647;
			files = (
			);
			runOnlyForDeploymentPostprocessing = 0;
		};
		84A12FF11ABD7905003306B2 /* Frameworks */ = {
			isa = PBXFrameworksBuildPhase;
			buildActionMask = 2147483647;
			files = (
			);
			runOnlyForDeploymentPostprocessing = 0;
		};
/* End PBXFrameworksBuildPhase section */

/* Begin PBXGroup section */
		84A12FD21ABD7905003306B2 = {
			isa = PBXGroup;
			children = (
				84A12FDD1ABD7905003306B2 /* TestMapKit */,
				84A12FF71ABD7905003306B2 /* TestMapKitTests */,
				84A12FDC1ABD7905003306B2 /* Products */,
			);
			sourceTree = "<group>";
		};
		84A12FDC1ABD7905003306B2 /* Products */ = {
			isa = PBXGroup;
			children = (
				84A12FDB1ABD7905003306B2 /* TestMapKit.app */,
				84A12FF41ABD7905003306B2 /* TestMapKitTests.xctest */,
			);
			name = Products;
			sourceTree = "<group>";
		};
		84A12FDD1ABD7905003306B2 /* TestMapKit */ = {
			isa = PBXGroup;
			children = (
				84A12FE21ABD7905003306B2 /* AppDelegate.h */,
				84A12FE31ABD7905003306B2 /* AppDelegate.m */,
				84A12FE51ABD7905003306B2 /* ViewController.h */,
				84A12FE61ABD7905003306B2 /* ViewController.m */,
				84A12FE81ABD7905003306B2 /* Main.storyboard */,
				84A12FEB1ABD7905003306B2 /* Images.xcassets */,
				84A12FED1ABD7905003306B2 /* LaunchScreen.xib */,
				84A12FDE1ABD7905003306B2 /* Supporting Files */,
			);
			path = TestMapKit;
			sourceTree = "<group>";
		};
		84A12FDE1ABD7905003306B2 /* Supporting Files */ = {
			isa = PBXGroup;
			children = (
				84A12FDF1ABD7905003306B2 /* Info.plist */,
				84A12FE01ABD7905003306B2 /* main.m */,
			);
			name = "Supporting Files";
			sourceTree = "<group>";
		};
		84A12FF71ABD7905003306B2 /* TestMapKitTests */ = {
			isa = PBXGroup;
			children = (
				84A12FFA1ABD7905003306B2 /* TestMapKitTests.m */,
				84A12FF81ABD7905003306B2 /* Supporting Files */,
			);
			path = TestMapKitTests;
			sourceTree = "<group>";
		};
		84A12FF81ABD7905003306B2 /* Supporting Files */ = {
			isa = PBXGroup;
			children = (
				84A12FF91ABD7905003306B2 /* Info.plist */,
			);
			name = "Supporting Files";
			sourceTree = "<group>";
		};
/* End PBXGroup section */

/* Begin PBXNativeTarget section */
		84A12FDA1ABD7905003306B2 /* TestMapKit */ = {
			isa = PBXNativeTarget;
			buildConfigurationList = 84A12FFE1ABD7905003306B2 /* Build configuration list for PBXNativeTarget "TestMapKit" */;
			buildPhases = (
				84A12FD71ABD7905003306B2 /* Sources */,
				84A12FD81ABD7905003306B2 /* Frameworks */,
				84A12FD91ABD7905003306B2 /* Resources */,
			);
			buildRules = (
			);
			dependencies = (
			);
			name = TestMapKit;
			productName = TestMapKit;
			productReference = 84A12FDB1ABD7905003306B2 /* TestMapKit.app */;
			productType = "com.apple.product-type.application";
		};
		84A12FF31ABD7905003306B2 /* TestMapKitTests */ = {
			isa = PBXNativeTarget;
			buildConfigurationList = 84A130011ABD7905003306B2 /* Build configuration list for PBXNativeTarget "TestMapKitTests" */;
			buildPhases = (
				84A12FF01ABD7905003306B2 /* Sources */,
				84A12FF11ABD7905003306B2 /* Frameworks */,
				84A12FF21ABD7905003306B2 /* Resources */,
			);
			buildRules = (
			);
			dependencies = (
				84A12FF61ABD7905003306B2 /* PBXTargetDependency */,
			);
			name = TestMapKitTests;
			productName = TestMapKitTests;
			productReference = 84A12FF41ABD7905003306B2 /* TestMapKitTests.xctest */;
			productType = "com.apple.product-type.bundle.unit-test";
		};
/* End PBXNativeTarget section */

/* Begin PBXProject section */
		84A12FD31ABD7905003306B2 /* Project object */ = {
			isa = PBXProject;
			attributes = {
				LastUpgradeCheck = 0610;
				ORGANIZATIONNAME = IDAPGroup;
				TargetAttributes = {
					84A12FDA1ABD7905003306B2 = {
						CreatedOnToolsVersion = 6.1.1;
					};
					84A12FF31ABD7905003306B2 = {
						CreatedOnToolsVersion = 6.1.1;
						TestTargetID = 84A12FDA1ABD7905003306B2;
					};
				};
			};
			buildConfigurationList = 84A12FD61ABD7905003306B2 /* Build configuration list for PBXProject "TestMapKit" */;
			compatibilityVersion = "Xcode 3.2";
			developmentRegion = English;
			hasScannedForEncodings = 0;
			knownRegions = (
				en,
				Base,
			);
			mainGroup = 84A12FD21ABD7905003306B2;
			productRefGroup = 84A12FDC1ABD7905003306B2 /* Products */;
			projectDirPath = "";
			projectRoot = "";
			targets = (
				84A12FDA1ABD7905003306B2 /* TestMapKit */,
				84A12FF31ABD7905003306B2 /* TestMapKitTests */,
			);
		};
/* End PBXProject section */

/* Begin PBXResourcesBuildPhase section */
		84A12FD91ABD7905003306B2 /* Resources */ = {
			isa = PBXResourcesBuildPhase;
			buildActionMask = 2147483647;
			files = (
				84A12FEA1ABD7905003306B2 /* Main.storyboard in Resources */,
				84A12FEF1ABD7905003306B2 /* LaunchScreen.xib in Resources */,
				84A12FEC1ABD7905003306B2 /* Images.xcassets in Resources */,
			);
			runOnlyForDeploymentPostprocessing = 0;
		};
		84A12FF21ABD7905003306B2 /* Resources */ = {
			isa = PBXResourcesBuildPhase;
			buildActionMask = 2147483647;
			files = (
			);
			runOnlyForDeploymentPostprocessing = 0;
		};
/* End PBXResourcesBuildPhase section */

/* Begin PBXSourcesBuildPhase section */
		84A12FD71ABD7905003306B2 /* Sources */ = {
			isa = PBXSourcesBuildPhase;
			buildActionMask = 2147483647;
			files = (
				84A12FE71ABD7905003306B2 /* ViewController.m in Sources */,
				84A12FE41ABD7905003306B2 /* AppDelegate.m in Sources */,
				84A12FE11ABD7905003306B2 /* main.m in Sources */,
			);
			runOnlyForDeploymentPostprocessing = 0;
		};
		84A12FF01ABD7905003306B2 /* Sources */ = {
			isa = PBXSourcesBuildPhase;
			buildActionMask = 2147483647;
			files = (
				84A12FFB1ABD7905003306B2 /* TestMapKitTests.m in Sources */,
			);
			runOnlyForDeploymentPostprocessing = 0;
		};
/* End PBXSourcesBuildPhase section */

/* Begin PBXTargetDependency section */
		84A12FF61ABD7905003306B2 /* PBXTargetDependency */ = {
			isa = PBXTargetDependency;
			target = 84A12FDA1ABD7905003306B2 /* TestMapKit */;
			targetProxy = 84A12FF51ABD7905003306B2 /* PBXContainerItemProxy */;
		};
/* End PBXTargetDependency section */

/* Begin PBXVariantGroup section */
		84A12FE81ABD7905003306B2 /* Main.storyboard */ = {
			isa = PBXVariantGroup;
			children = (
				84A12FE91ABD7905003306B2 /* Base */,
			);
			name = Main.storyboard;
			sourceTree = "<group>";
		};
		84A12FED1ABD7905003306B2 /* LaunchScreen.xib */ = {
			isa = PBXVariantGroup;
			children = (
				84A12FEE1ABD7905003306B2 /* Base */,
			);
			name = LaunchScreen.xib;
			sourceTree = "<group>";
		};
/* End PBXVariantGroup section */

/* Begin XCBuildConfiguration section */
		84A12FFC1ABD7905003306B2 /* Debug */ = {
			isa = XCBuildConfiguration;
			buildSettings = {
				ALWAYS_SEARCH_USER_PATHS = NO;
				CLANG_CXX_LANGUAGE_STANDARD = "gnu++0x";
				CLANG_CXX_LIBRARY = "libc++";
				CLANG_ENABLE_MODULES = YES;
				CLANG_ENABLE_OBJC_ARC = YES;
				CLANG_WARN_BOOL_CONVERSION = YES;
				CLANG_WARN_CONSTANT_CONVERSION = YES;
				CLANG_WARN_DIRECT_OBJC_ISA_USAGE = YES_ERROR;
				CLANG_WARN_EMPTY_BODY = YES;
				CLANG_WARN_ENUM_CONVERSION = YES;
				CLANG_WARN_INT_CONVERSION = YES;
				CLANG_WARN_OBJC_ROOT_CLASS = YES_ERROR;
				CLANG_WARN_UNREACHABLE_CODE = YES;
				CLANG_WARN__DUPLICATE_METHOD_MATCH = YES;
				"CODE_SIGN_IDENTITY[sdk=iphoneos*]" = "iPhone Developer";
				COPY_PHASE_STRIP = NO;
				ENABLE_STRICT_OBJC_MSGSEND = YES;
				GCC_C_LANGUAGE_STANDARD = gnu99;
				GCC_DYNAMIC_NO_PIC = NO;
				GCC_OPTIMIZATION_LEVEL = 0;
				GCC_PREPROCESSOR_DEFINITIONS = (
					"DEBUG=1",
					"$(inherited)",
				);
				GCC_SYMBOLS_PRIVATE_EXTERN = NO;
				GCC_WARN_64_TO_32_BIT_CONVERSION = YES;
				GCC_WARN_ABOUT_RETURN_TYPE = YES_ERROR;
				GCC_WARN_UNDECLARED_SELECTOR = YES;
				GCC_WARN_UNINITIALIZED_AUTOS = YES_AGGRESSIVE;
				GCC_WARN_UNUSED_FUNCTION = YES;
				GCC_WARN_UNUSED_VARIABLE = YES;
				IPHONEOS_DEPLOYMENT_TARGET = 8.1;
				MTL_ENABLE_DEBUG_INFO = YES;
				ONLY_ACTIVE_ARCH = YES;
				SDKROOT = iphoneos;
				TARGETED_DEVICE_FAMILY = "1,2";
			};
			name = Debug;
		};
		84A12FFD1ABD7905003306B2 /* Release */ = {
			isa = XCBuildConfiguration;
			buildSettings = {
				ALWAYS_SEARCH_USER_PATHS = NO;
				CLANG_CXX_LANGUAGE_STANDARD = "gnu++0x";
				CLANG_CXX_LIBRARY = "libc++";
				CLANG_ENABLE_MODULES = YES;
				CLANG_ENABLE_OBJC_ARC = YES;
				CLANG_WARN_BOOL_CONVERSION = YES;
				CLANG_WARN_CONSTANT_CONVERSION = YES;
				CLANG_WARN_DIRECT_OBJC_ISA_USAGE = YES_ERROR;
				CLANG_WARN_EMPTY_BODY = YES;
				CLANG_WARN_ENUM_CONVERSION = YES;
				CLANG_WARN_INT_CONVERSION = YES;
				CLANG_WARN_OBJC_ROOT_CLASS = YES_ERROR;
				CLANG_WARN_UNREACHABLE_CODE = YES;
				CLANG_WARN__DUPLICATE_METHOD_MATCH = YES;
				"CODE_SIGN_IDENTITY[sdk=iphoneos*]" = "iPhone Developer";
				COPY_PHASE_STRIP = YES;
				ENABLE_NS_ASSERTIONS = NO;
				ENABLE_STRICT_OBJC_MSGSEND = YES;
				GCC_C_LANGUAGE_STANDARD = gnu99;
				GCC_WARN_64_TO_32_BIT_CONVERSION = YES;
				GCC_WARN_ABOUT_RETURN_TYPE = YES_ERROR;
				GCC_WARN_UNDECLARED_SELECTOR = YES;
				GCC_WARN_UNINITIALIZED_AUTOS = YES_AGGRESSIVE;
				GCC_WARN_UNUSED_FUNCTION = YES;
				GCC_WARN_UNUSED_VARIABLE = YES;
				IPHONEOS_DEPLOYMENT_TARGET = 8.1;
				MTL_ENABLE_DEBUG_INFO = NO;
				SDKROOT = iphoneos;
				TARGETED_DEVICE_FAMILY = "1,2";
				VALIDATE_PRODUCT = YES;
			};
			name = Release;
		};
		84A12FFF1ABD7905003306B2 /* Debug */ = {
			isa = XCBuildConfiguration;
			buildSettings = {
				ASSETCATALOG_COMPILER_APPICON_NAME = AppIcon;
				INFOPLIST_FILE = TestMapKit/Info.plist;
				LD_RUNPATH_SEARCH_PATHS = "$(inherited) @executable_path/Frameworks";
				PRODUCT_NAME = "$(TARGET_NAME)";
			};
			name = Debug;
		};
		84A130001ABD7905003306B2 /* Release */ = {
			isa = XCBuildConfiguration;
			buildSettings = {
				ASSETCATALOG_COMPILER_APPICON_NAME = AppIcon;
				INFOPLIST_FILE = TestMapKit/Info.plist;
				LD_RUNPATH_SEARCH_PATHS = "$(inherited) @executable_path/Frameworks";
				PRODUCT_NAME = "$(TARGET_NAME)";
			};
			name = Release;
		};
		84A130021ABD7905003306B2 /* Debug */ = {
			isa = XCBuildConfiguration;
			buildSettings = {
				BUNDLE_LOADER = "$(TEST_HOST)";
				FRAMEWORK_SEARCH_PATHS = (
					"$(SDKROOT)/Developer/Library/Frameworks",
					"$(inherited)",
				);
				GCC_PREPROCESSOR_DEFINITIONS = (
					"DEBUG=1",
					"$(inherited)",
				);
				INFOPLIST_FILE = TestMapKitTests/Info.plist;
				LD_RUNPATH_SEARCH_PATHS = "$(inherited) @executable_path/Frameworks @loader_path/Frameworks";
				PRODUCT_NAME = "$(TARGET_NAME)";
				TEST_HOST = "$(BUILT_PRODUCTS_DIR)/TestMapKit.app/TestMapKit";
			};
			name = Debug;
		};
		84A130031ABD7905003306B2 /* Release */ = {
			isa = XCBuildConfiguration;
			buildSettings = {
				BUNDLE_LOADER = "$(TEST_HOST)";
				FRAMEWORK_SEARCH_PATHS = (
					"$(SDKROOT)/Developer/Library/Frameworks",
					"$(inherited)",
				);
				INFOPLIST_FILE = TestMapKitTests/Info.plist;
				LD_RUNPATH_SEARCH_PATHS = "$(inherited) @executable_path/Frameworks @loader_path/Frameworks";
				PRODUCT_NAME = "$(TARGET_NAME)";
				TEST_HOST = "$(BUILT_PRODUCTS_DIR)/TestMapKit.app/TestMapKit";
			};
			name = Release;
		};
/* End XCBuildConfiguration section */

/* Begin XCConfigurationList section */
		84A12FD61ABD7905003306B2 /* Build configuration list for PBXProject "TestMapKit" */ = {
			isa = XCConfigurationList;
			buildConfigurations = (
				84A12FFC1ABD7905003306B2 /* Debug */,
				84A12FFD1ABD7905003306B2 /* Release */,
			);
			defaultConfigurationIsVisible = 0;
			defaultConfigurationName = Release;
		};
		84A12FFE1ABD7905003306B2 /* Build configuration list for PBXNativeTarget "TestMapKit" */ = {
			isa = XCConfigurationList;
			buildConfigurations = (
				84A12FFF1ABD7905003306B2 /* Debug */,
				84A130001ABD7905003306B2 /* Release */,
			);
			defaultConfigurationIsVisible = 0;
		};
		84A130011ABD7905003306B2 /* Build configuration list for PBXNativeTarget "TestMapKitTests" */ = {
			isa = XCConfigurationList;
			buildConfigurations = (
				84A130021ABD7905003306B2 /* Debug */,
				84A130031ABD7905003306B2 /* Release */,
			);
			defaultConfigurationIsVisible = 0;
		};
/* End XCConfigurationList section */
	};
	rootObject = 84A12FD31ABD7905003306B2 /* Project object */;
}
